{
  "name": "03-test",
  "version": "1.0.0",
  "lockfileVersion": 1,
  "requires": true,
  "dependencies": {
    "03-webpack-numbers": {
      "version": "1.0.1",
      "resolved": "https://registry.npmjs.org/03-webpack-numbers/-/03-webpack-numbers-1.0.1.tgz",
      "integrity": "sha512-O4x9K0EvPUOMz6gLn0CW8v+i8In87cBULiB/zbWS1RTwuSXv581YK6Ji7TAHncKFfnP6BOZDaFIAF2xdOBd6GA==",
      "dev": true
    }
  }
}
